// !$*UTF8*$!
{
	archiveVersion = 1;
	classes = {
	};
	objectVersion = 46;
	objects = {

/* Begin PBXBuildFile section */
		D717F36719A7463300FB5C21 /* WriteMessViewController.m in Sources */ = {isa = PBXBuildFile; fileRef = D717F36619A7463300FB5C21 /* WriteMessViewController.m */; };
		D717F36A19A75D2200FB5C21 /* OauthViewController.m in Sources */ = {isa = PBXBuildFile; fileRef = D717F36919A75D2200FB5C21 /* OauthViewController.m */; };
		D717F3B819A7688400FB5C21 /* AFHTTPRequestOperation.m in Sources */ = {isa = PBXBuildFile; fileRef = D717F36E19A7688400FB5C21 /* AFHTTPRequestOperation.m */; };
		D717F3B919A7688400FB5C21 /* AFHTTPRequestOperationManager.m in Sources */ = {isa = PBXBuildFile; fileRef = D717F37019A7688400FB5C21 /* AFHTTPRequestOperationManager.m */; };
		D717F3BA19A7688400FB5C21 /* AFHTTPSessionManager.m in Sources */ = {isa = PBXBuildFile; fileRef = D717F37219A7688400FB5C21 /* AFHTTPSessionManager.m */; };
		D717F3BB19A7688400FB5C21 /* AFNetworkReachabilityManager.m in Sources */ = {isa = PBXBuildFile; fileRef = D717F37519A7688400FB5C21 /* AFNetworkReachabilityManager.m */; };
		D717F3BC19A7688400FB5C21 /* AFSecurityPolicy.m in Sources */ = {isa = PBXBuildFile; fileRef = D717F37719A7688400FB5C21 /* AFSecurityPolicy.m */; };
		D717F3BD19A7688400FB5C21 /* AFURLConnectionOperation.m in Sources */ = {isa = PBXBuildFile; fileRef = D717F37919A7688400FB5C21 /* AFURLConnectionOperation.m */; };
		D717F3BE19A7688400FB5C21 /* AFURLRequestSerialization.m in Sources */ = {isa = PBXBuildFile; fileRef = D717F37B19A7688400FB5C21 /* AFURLRequestSerialization.m */; };
		D717F3BF19A7688400FB5C21 /* AFURLResponseSerialization.m in Sources */ = {isa = PBXBuildFile; fileRef = D717F37D19A7688400FB5C21 /* AFURLResponseSerialization.m */; };
		D717F3C019A7688400FB5C21 /* AFURLSessionManager.m in Sources */ = {isa = PBXBuildFile; fileRef = D717F37F19A7688400FB5C21 /* AFURLSessionManager.m */; };
		D717F3C119A7688400FB5C21 /* MBProgressHUD+MJ.m in Sources */ = {isa = PBXBuildFile; fileRef = D717F38219A7688400FB5C21 /* MBProgressHUD+MJ.m */; };
		D717F3C219A7688400FB5C21 /* MBProgressHUD.bundle in Resources */ = {isa = PBXBuildFile; fileRef = D717F38319A7688400FB5C21 /* MBProgressHUD.bundle */; };
		D717F3C319A7688400FB5C21 /* MBProgressHUD.m in Sources */ = {isa = PBXBuildFile; fileRef = D717F38519A7688400FB5C21 /* MBProgressHUD.m */; };
		D717F3C419A7688400FB5C21 /* MJArgument.m in Sources */ = {isa = PBXBuildFile; fileRef = D717F38819A7688400FB5C21 /* MJArgument.m */; };
		D717F3C519A7688400FB5C21 /* MJIvar.m in Sources */ = {isa = PBXBuildFile; fileRef = D717F38B19A7688400FB5C21 /* MJIvar.m */; };
		D717F3C619A7688400FB5C21 /* MJMember.m in Sources */ = {isa = PBXBuildFile; fileRef = D717F38D19A7688400FB5C21 /* MJMember.m */; };
		D717F3C719A7688400FB5C21 /* MJMethod.m in Sources */ = {isa = PBXBuildFile; fileRef = D717F38F19A7688400FB5C21 /* MJMethod.m */; };
		D717F3C819A7688400FB5C21 /* MJType.m in Sources */ = {isa = PBXBuildFile; fileRef = D717F39119A7688400FB5C21 /* MJType.m */; };
		D717F3C919A7688400FB5C21 /* MJTypeEncoding.m in Sources */ = {isa = PBXBuildFile; fileRef = D717F39319A7688400FB5C21 /* MJTypeEncoding.m */; };
		D717F3CA19A7688400FB5C21 /* NSObject+MJCoding.m in Sources */ = {isa = PBXBuildFile; fileRef = D717F39519A7688400FB5C21 /* NSObject+MJCoding.m */; };
		D717F3CB19A7688400FB5C21 /* NSObject+MJKeyValue.m in Sources */ = {isa = PBXBuildFile; fileRef = D717F39719A7688400FB5C21 /* NSObject+MJKeyValue.m */; };
		D717F3CC19A7688400FB5C21 /* NSObject+MJMember.m in Sources */ = {isa = PBXBuildFile; fileRef = D717F39919A7688400FB5C21 /* NSObject+MJMember.m */; };
		D717F3CD19A7688400FB5C21 /* MKAnnotationView+WebCache.m in Sources */ = {isa = PBXBuildFile; fileRef = D717F39C19A7688400FB5C21 /* MKAnnotationView+WebCache.m */; };
		D717F3CE19A7688400FB5C21 /* NSData+ImageContentType.m in Sources */ = {isa = PBXBuildFile; fileRef = D717F39E19A7688400FB5C21 /* NSData+ImageContentType.m */; };
		D717F3CF19A7688400FB5C21 /* SDImageCache.m in Sources */ = {isa = PBXBuildFile; fileRef = D717F3A019A7688400FB5C21 /* SDImageCache.m */; };
		D717F3D019A7688400FB5C21 /* SDWebImageCompat.m in Sources */ = {isa = PBXBuildFile; fileRef = D717F3A219A7688400FB5C21 /* SDWebImageCompat.m */; };
		D717F3D119A7688400FB5C21 /* SDWebImageDecoder.m in Sources */ = {isa = PBXBuildFile; fileRef = D717F3A419A7688400FB5C21 /* SDWebImageDecoder.m */; };
		D717F3D219A7688400FB5C21 /* SDWebImageDownloader.m in Sources */ = {isa = PBXBuildFile; fileRef = D717F3A619A7688400FB5C21 /* SDWebImageDownloader.m */; };
		D717F3D319A7688400FB5C21 /* SDWebImageDownloaderOperation.m in Sources */ = {isa = PBXBuildFile; fileRef = D717F3A819A7688400FB5C21 /* SDWebImageDownloaderOperation.m */; };
		D717F3D419A7688400FB5C21 /* SDWebImageManager.m in Sources */ = {isa = PBXBuildFile; fileRef = D717F3AA19A7688400FB5C21 /* SDWebImageManager.m */; };
		D717F3D519A7688400FB5C21 /* SDWebImagePrefetcher.m in Sources */ = {isa = PBXBuildFile; fileRef = D717F3AD19A7688400FB5C21 /* SDWebImagePrefetcher.m */; };
		D717F3D619A7688400FB5C21 /* UIButton+WebCache.m in Sources */ = {isa = PBXBuildFile; fileRef = D717F3AF19A7688400FB5C21 /* UIButton+WebCache.m */; };
		D717F3D719A7688400FB5C21 /* UIImage+GIF.m in Sources */ = {isa = PBXBuildFile; fileRef = D717F3B119A7688400FB5C21 /* UIImage+GIF.m */; };
		D717F3D819A7688400FB5C21 /* UIImage+MultiFormat.m in Sources */ = {isa = PBXBuildFile; fileRef = D717F3B319A7688400FB5C21 /* UIImage+MultiFormat.m */; };
		D717F3D919A7688400FB5C21 /* UIImage+WebP.m in Sources */ = {isa = PBXBuildFile; fileRef = D717F3B519A7688400FB5C21 /* UIImage+WebP.m */; };
		D717F3DA19A7688400FB5C21 /* UIImageView+WebCache.m in Sources */ = {isa = PBXBuildFile; fileRef = D717F3B719A7688400FB5C21 /* UIImageView+WebCache.m */; };
		D726DA1519A62C1300B21B3C /* TabBarButton.m in Sources */ = {isa = PBXBuildFile; fileRef = D726DA1419A62C1300B21B3C /* TabBarButton.m */; };
		D727A30519A86D5500B76F15 /* AccountInfo.m in Sources */ = {isa = PBXBuildFile; fileRef = D727A30419A86D5500B76F15 /* AccountInfo.m */; };
		D727A30819A8767000B76F15 /* MyTool.m in Sources */ = {isa = PBXBuildFile; fileRef = D727A30719A8767000B76F15 /* MyTool.m */; };
		D727A30B19A8A4AD00B76F15 /* Status.m in Sources */ = {isa = PBXBuildFile; fileRef = D727A30A19A8A4AD00B76F15 /* Status.m */; };
		D727A30E19A8A82D00B76F15 /* User.m in Sources */ = {isa = PBXBuildFile; fileRef = D727A30D19A8A82D00B76F15 /* User.m */; };
		D7418A3819A5F53500138AC8 /* Foundation.framework in Frameworks */ = {isa = PBXBuildFile; fileRef = D7418A3719A5F53500138AC8 /* Foundation.framework */; };
		D7418A3A19A5F53500138AC8 /* CoreGraphics.framework in Frameworks */ = {isa = PBXBuildFile; fileRef = D7418A3919A5F53500138AC8 /* CoreGraphics.framework */; };
		D7418A3C19A5F53500138AC8 /* UIKit.framework in Frameworks */ = {isa = PBXBuildFile; fileRef = D7418A3B19A5F53500138AC8 /* UIKit.framework */; };
		D7418A4219A5F53600138AC8 /* InfoPlist.strings in Resources */ = {isa = PBXBuildFile; fileRef = D7418A4019A5F53600138AC8 /* InfoPlist.strings */; };
		D7418A4419A5F53600138AC8 /* main.m in Sources */ = {isa = PBXBuildFile; fileRef = D7418A4319A5F53600138AC8 /* main.m */; };
		D7418A4819A5F53600138AC8 /* AppDelegate.m in Sources */ = {isa = PBXBuildFile; fileRef = D7418A4719A5F53600138AC8 /* AppDelegate.m */; };
		D7418A4A19A5F53600138AC8 /* Images.xcassets in Resources */ = {isa = PBXBuildFile; fileRef = D7418A4919A5F53600138AC8 /* Images.xcassets */; };
		D7418A5119A5F53600138AC8 /* XCTest.framework in Frameworks */ = {isa = PBXBuildFile; fileRef = D7418A5019A5F53600138AC8 /* XCTest.framework */; };
		D7418A5219A5F53600138AC8 /* Foundation.framework in Frameworks */ = {isa = PBXBuildFile; fileRef = D7418A3719A5F53500138AC8 /* Foundation.framework */; };
		D7418A5319A5F53600138AC8 /* UIKit.framework in Frameworks */ = {isa = PBXBuildFile; fileRef = D7418A3B19A5F53500138AC8 /* UIKit.framework */; };
		D7418A5B19A5F53600138AC8 /* InfoPlist.strings in Resources */ = {isa = PBXBuildFile; fileRef = D7418A5919A5F53600138AC8 /* InfoPlist.strings */; };
		D7418A5D19A5F53600138AC8 /* weiboTests.m in Sources */ = {isa = PBXBuildFile; fileRef = D7418A5C19A5F53600138AC8 /* weiboTests.m */; };
		D7418A6819A5FEEE00138AC8 /* TabBarViewController.m in Sources */ = {isa = PBXBuildFile; fileRef = D7418A6719A5FEEE00138AC8 /* TabBarViewController.m */; };
		D7418A6B19A5FF3700138AC8 /* HomeViewController.m in Sources */ = {isa = PBXBuildFile; fileRef = D7418A6A19A5FF3700138AC8 /* HomeViewController.m */; };
		D7418A6E19A5FF4300138AC8 /* MessageViewController.m in Sources */ = {isa = PBXBuildFile; fileRef = D7418A6D19A5FF4300138AC8 /* MessageViewController.m */; };
		D7418A7119A5FF6300138AC8 /* DiscoverViewController.m in Sources */ = {isa = PBXBuildFile; fileRef = D7418A7019A5FF6300138AC8 /* DiscoverViewController.m */; };
		D7418A7419A5FF6E00138AC8 /* MeViewController.m in Sources */ = {isa = PBXBuildFile; fileRef = D7418A7319A5FF6E00138AC8 /* MeViewController.m */; };
		D7418A7F19A61DA400138AC8 /* UIImage+loadImage.m in Sources */ = {isa = PBXBuildFile; fileRef = D7418A7E19A61DA400138AC8 /* UIImage+loadImage.m */; };
		D7418A8219A620F100138AC8 /* TabBar.m in Sources */ = {isa = PBXBuildFile; fileRef = D7418A8119A620F100138AC8 /* TabBar.m */; };
		D74F0F2119A6CE7D0095E3F5 /* BadgeButton.m in Sources */ = {isa = PBXBuildFile; fileRef = D74F0F2019A6CE7D0095E3F5 /* BadgeButton.m */; };
		D74F0F2419A6D8CA0095E3F5 /* NavViewController.m in Sources */ = {isa = PBXBuildFile; fileRef = D74F0F2319A6D8CA0095E3F5 /* NavViewController.m */; };
		D74F0F2719A6E54A0095E3F5 /* UIBarButtonItem+CustonItem.m in Sources */ = {isa = PBXBuildFile; fileRef = D74F0F2619A6E54A0095E3F5 /* UIBarButtonItem+CustonItem.m */; };
		D759C09819A97B49009A3B76 /* StatusViewCell.m in Sources */ = {isa = PBXBuildFile; fileRef = D759C09719A97B49009A3B76 /* StatusViewCell.m */; };
		D759C09B19A97B64009A3B76 /* StatusFrame.m in Sources */ = {isa = PBXBuildFile; fileRef = D759C09A19A97B64009A3B76 /* StatusFrame.m */; };
		D76789BE19A6EAFF00AA0496 /* SearchBar.m in Sources */ = {isa = PBXBuildFile; fileRef = D76789BD19A6EAFF00AA0496 /* SearchBar.m */; };
		D76789C119A6F05900AA0496 /* TitleImageButton.m in Sources */ = {isa = PBXBuildFile; fileRef = D76789C019A6F05900AA0496 /* TitleImageButton.m */; };
		D76789C419A700C000AA0496 /* NewFeatureController.m in Sources */ = {isa = PBXBuildFile; fileRef = D76789C319A700C000AA0496 /* NewFeatureController.m */; };
		D76789C719A707E000AA0496 /* MyPageControl.m in Sources */ = {isa = PBXBuildFile; fileRef = D76789C619A707E000AA0496 /* MyPageControl.m */; };
		D78AE1A319AAC6C90007D6E7 /* NSDate+ConpareDate.m in Sources */ = {isa = PBXBuildFile; fileRef = D78AE1A219AAC6C90007D6E7 /* NSDate+ConpareDate.m */; };
/* End PBXBuildFile section */

/* Begin PBXContainerItemProxy section */
		D7418A5419A5F53600138AC8 /* PBXContainerItemProxy */ = {
			isa = PBXContainerItemProxy;
			containerPortal = D7418A2C19A5F53500138AC8 /* Project object */;
			proxyType = 1;
			remoteGlobalIDString = D7418A3319A5F53500138AC8;
			remoteInfo = weibo;
		};
/* End PBXContainerItemProxy section */

/* Begin PBXFileReference section */
		D717F36519A7463300FB5C21 /* WriteMessViewController.h */ = {isa = PBXFileReference; fileEncoding = 4; lastKnownFileType = sourcecode.c.h; path = WriteMessViewController.h; sourceTree = "<group>"; };
		D717F36619A7463300FB5C21 /* WriteMessViewController.m */ = {isa = PBXFileReference; fileEncoding = 4; lastKnownFileType = sourcecode.c.objc; path = WriteMessViewController.m; sourceTree = "<group>"; };
		D717F36819A75D2200FB5C21 /* OauthViewController.h */ = {isa = PBXFileReference; fileEncoding = 4; lastKnownFileType = sourcecode.c.h; path = OauthViewController.h; sourceTree = "<group>"; };
		D717F36919A75D2200FB5C21 /* OauthViewController.m */ = {isa = PBXFileReference; fileEncoding = 4; lastKnownFileType = sourcecode.c.objc; path = OauthViewController.m; sourceTree = "<group>"; };
		D717F36D19A7688400FB5C21 /* AFHTTPRequestOperation.h */ = {isa = PBXFileReference; fileEncoding = 4; lastKnownFileType = sourcecode.c.h; path = AFHTTPRequestOperation.h; sourceTree = "<group>"; };
		D717F36E19A7688400FB5C21 /* AFHTTPRequestOperation.m */ = {isa = PBXFileReference; fileEncoding = 4; lastKnownFileType = sourcecode.c.objc; path = AFHTTPRequestOperation.m; sourceTree = "<group>"; };
		D717F36F19A7688400FB5C21 /* AFHTTPRequestOperationManager.h */ = {isa = PBXFileReference; fileEncoding = 4; lastKnownFileType = sourcecode.c.h; path = AFHTTPRequestOperationManager.h; sourceTree = "<group>"; };
		D717F37019A7688400FB5C21 /* AFHTTPRequestOperationManager.m */ = {isa = PBXFileReference; fileEncoding = 4; lastKnownFileType = sourcecode.c.objc; path = AFHTTPRequestOperationManager.m; sourceTree = "<group>"; };
		D717F37119A7688400FB5C21 /* AFHTTPSessionManager.h */ = {isa = PBXFileReference; fileEncoding = 4; lastKnownFileType = sourcecode.c.h; path = AFHTTPSessionManager.h; sourceTree = "<group>"; };
		D717F37219A7688400FB5C21 /* AFHTTPSessionManager.m */ = {isa = PBXFileReference; fileEncoding = 4; lastKnownFileType = sourcecode.c.objc; path = AFHTTPSessionManager.m; sourceTree = "<group>"; };
		D717F37319A7688400FB5C21 /* AFNetworking.h */ = {isa = PBXFileReference; fileEncoding = 4; lastKnownFileType = sourcecode.c.h; path = AFNetworking.h; sourceTree = "<group>"; };
		D717F37419A7688400FB5C21 /* AFNetworkReachabilityManager.h */ = {isa = PBXFileReference; fileEncoding = 4; lastKnownFileType = sourcecode.c.h; path = AFNetworkReachabilityManager.h; sourceTree = "<group>"; };
		D717F37519A7688400FB5C21 /* AFNetworkReachabilityManager.m */ = {isa = PBXFileReference; fileEncoding = 4; lastKnownFileType = sourcecode.c.objc; path = AFNetworkReachabilityManager.m; sourceTree = "<group>"; };
		D717F37619A7688400FB5C21 /* AFSecurityPolicy.h */ = {isa = PBXFileReference; fileEncoding = 4; lastKnownFileType = sourcecode.c.h; path = AFSecurityPolicy.h; sourceTree = "<group>"; };
		D717F37719A7688400FB5C21 /* AFSecurityPolicy.m */ = {isa = PBXFileReference; fileEncoding = 4; lastKnownFileType = sourcecode.c.objc; path = AFSecurityPolicy.m; sourceTree = "<group>"; };
		D717F37819A7688400FB5C21 /* AFURLConnectionOperation.h */ = {isa = PBXFileReference; fileEncoding = 4; lastKnownFileType = sourcecode.c.h; path = AFURLConnectionOperation.h; sourceTree = "<group>"; };
		D717F37919A7688400FB5C21 /* AFURLConnectionOperation.m */ = {isa = PBXFileReference; fileEncoding = 4; lastKnownFileType = sourcecode.c.objc; path = AFURLConnectionOperation.m; sourceTree = "<group>"; };
		D717F37A19A7688400FB5C21 /* AFURLRequestSerialization.h */ = {isa = PBXFileReference; fileEncoding = 4; lastKnownFileType = sourcecode.c.h; path = AFURLRequestSerialization.h; sourceTree = "<group>"; };
		D717F37B19A7688400FB5C21 /* AFURLRequestSerialization.m */ = {isa = PBXFileReference; fileEncoding = 4; lastKnownFileType = sourcecode.c.objc; path = AFURLRequestSerialization.m; sourceTree = "<group>"; };
		D717F37C19A7688400FB5C21 /* AFURLResponseSerialization.h */ = {isa = PBXFileReference; fileEncoding = 4; lastKnownFileType = sourcecode.c.h; path = AFURLResponseSerialization.h; sourceTree = "<group>"; };
		D717F37D19A7688400FB5C21 /* AFURLResponseSerialization.m */ = {isa = PBXFileReference; fileEncoding = 4; lastKnownFileType = sourcecode.c.objc; path = AFURLResponseSerialization.m; sourceTree = "<group>"; };
		D717F37E19A7688400FB5C21 /* AFURLSessionManager.h */ = {isa = PBXFileReference; fileEncoding = 4; lastKnownFileType = sourcecode.c.h; path = AFURLSessionManager.h; sourceTree = "<group>"; };
		D717F37F19A7688400FB5C21 /* AFURLSessionManager.m */ = {isa = PBXFileReference; fileEncoding = 4; lastKnownFileType = sourcecode.c.objc; path = AFURLSessionManager.m; sourceTree = "<group>"; };
		D717F38119A7688400FB5C21 /* MBProgressHUD+MJ.h */ = {isa = PBXFileReference; fileEncoding = 4; lastKnownFileType = sourcecode.c.h; path = "MBProgressHUD+MJ.h"; sourceTree = "<group>"; };
		D717F38219A7688400FB5C21 /* MBProgressHUD+MJ.m */ = {isa = PBXFileReference; fileEncoding = 4; lastKnownFileType = sourcecode.c.objc; path = "MBProgressHUD+MJ.m"; sourceTree = "<group>"; };
		D717F38319A7688400FB5C21 /* MBProgressHUD.bundle */ = {isa = PBXFileReference; lastKnownFileType = "wrapper.plug-in"; path = MBProgressHUD.bundle; sourceTree = "<group>"; };
		D717F38419A7688400FB5C21 /* MBProgressHUD.h */ = {isa = PBXFileReference; fileEncoding = 4; lastKnownFileType = sourcecode.c.h; path = MBProgressHUD.h; sourceTree = "<group>"; };
		D717F38519A7688400FB5C21 /* MBProgressHUD.m */ = {isa = PBXFileReference; fileEncoding = 4; lastKnownFileType = sourcecode.c.objc; path = MBProgressHUD.m; sourceTree = "<group>"; };
		D717F38719A7688400FB5C21 /* MJArgument.h */ = {isa = PBXFileReference; fileEncoding = 4; lastKnownFileType = sourcecode.c.h; path = MJArgument.h; sourceTree = "<group>"; };
		D717F38819A7688400FB5C21 /* MJArgument.m */ = {isa = PBXFileReference; fileEncoding = 4; lastKnownFileType = sourcecode.c.objc; path = MJArgument.m; sourceTree = "<group>"; };
		D717F38919A7688400FB5C21 /* MJExtension.h */ = {isa = PBXFileReference; fileEncoding = 4; lastKnownFileType = sourcecode.c.h; path = MJExtension.h; sourceTree = "<group>"; };
		D717F38A19A7688400FB5C21 /* MJIvar.h */ = {isa = PBXFileReference; fileEncoding = 4; lastKnownFileType = sourcecode.c.h; path = MJIvar.h; sourceTree = "<group>"; };
		D717F38B19A7688400FB5C21 /* MJIvar.m */ = {isa = PBXFileReference; fileEncoding = 4; lastKnownFileType = sourcecode.c.objc; path = MJIvar.m; sourceTree = "<group>"; };
		D717F38C19A7688400FB5C21 /* MJMember.h */ = {isa = PBXFileReference; fileEncoding = 4; lastKnownFileType = sourcecode.c.h; path = MJMember.h; sourceTree = "<group>"; };
		D717F38D19A7688400FB5C21 /* MJMember.m */ = {isa = PBXFileReference; fileEncoding = 4; lastKnownFileType = sourcecode.c.objc; path = MJMember.m; sourceTree = "<group>"; };
		D717F38E19A7688400FB5C21 /* MJMethod.h */ = {isa = PBXFileReference; fileEncoding = 4; lastKnownFileType = sourcecode.c.h; path = MJMethod.h; sourceTree = "<group>"; };
		D717F38F19A7688400FB5C21 /* MJMethod.m */ = {isa = PBXFileReference; fileEncoding = 4; lastKnownFileType = sourcecode.c.objc; path = MJMethod.m; sourceTree = "<group>"; };
		D717F39019A7688400FB5C21 /* MJType.h */ = {isa = PBXFileReference; fileEncoding = 4; lastKnownFileType = sourcecode.c.h; path = MJType.h; sourceTree = "<group>"; };
		D717F39119A7688400FB5C21 /* MJType.m */ = {isa = PBXFileReference; fileEncoding = 4; lastKnownFileType = sourcecode.c.objc; path = MJType.m; sourceTree = "<group>"; };
		D717F39219A7688400FB5C21 /* MJTypeEncoding.h */ = {isa = PBXFileReference; fileEncoding = 4; lastKnownFileType = sourcecode.c.h; path = MJTypeEncoding.h; sourceTree = "<group>"; };
		D717F39319A7688400FB5C21 /* MJTypeEncoding.m */ = {isa = PBXFileReference; fileEncoding = 4; lastKnownFileType = sourcecode.c.objc; path = MJTypeEncoding.m; sourceTree = "<group>"; };
		D717F39419A7688400FB5C21 /* NSObject+MJCoding.h */ = {isa = PBXFileReference; fileEncoding = 4; lastKnownFileType = sourcecode.c.h; path = "NSObject+MJCoding.h"; sourceTree = "<group>"; };
		D717F39519A7688400FB5C21 /* NSObject+MJCoding.m */ = {isa = PBXFileReference; fileEncoding = 4; lastKnownFileType = sourcecode.c.objc; path = "NSObject+MJCoding.m"; sourceTree = "<group>"; };
		D717F39619A7688400FB5C21 /* NSObject+MJKeyValue.h */ = {isa = PBXFileReference; fileEncoding = 4; lastKnownFileType = sourcecode.c.h; path = "NSObject+MJKeyValue.h"; sourceTree = "<group>"; };
		D717F39719A7688400FB5C21 /* NSObject+MJKeyValue.m */ = {isa = PBXFileReference; fileEncoding = 4; lastKnownFileType = sourcecode.c.objc; path = "NSObject+MJKeyValue.m"; sourceTree = "<group>"; };
		D717F39819A7688400FB5C21 /* NSObject+MJMember.h */ = {isa = PBXFileReference; fileEncoding = 4; lastKnownFileType = sourcecode.c.h; path = "NSObject+MJMember.h"; sourceTree = "<group>"; };
		D717F39919A7688400FB5C21 /* NSObject+MJMember.m */ = {isa = PBXFileReference; fileEncoding = 4; lastKnownFileType = sourcecode.c.objc; path = "NSObject+MJMember.m"; sourceTree = "<group>"; };
		D717F39B19A7688400FB5C21 /* MKAnnotationView+WebCache.h */ = {isa = PBXFileReference; fileEncoding = 4; lastKnownFileType = sourcecode.c.h; path = "MKAnnotationView+WebCache.h"; sourceTree = "<group>"; };
		D717F39C19A7688400FB5C21 /* MKAnnotationView+WebCache.m */ = {isa = PBXFileReference; fileEncoding = 4; lastKnownFileType = sourcecode.c.objc; path = "MKAnnotationView+WebCache.m"; sourceTree = "<group>"; };
		D717F39D19A7688400FB5C21 /* NSData+ImageContentType.h */ = {isa = PBXFileReference; fileEncoding = 4; lastKnownFileType = sourcecode.c.h; path = "NSData+ImageContentType.h"; sourceTree = "<group>"; };
		D717F39E19A7688400FB5C21 /* NSData+ImageContentType.m */ = {isa = PBXFileReference; fileEncoding = 4; lastKnownFileType = sourcecode.c.objc; path = "NSData+ImageContentType.m"; sourceTree = "<group>"; };
		D717F39F19A7688400FB5C21 /* SDImageCache.h */ = {isa = PBXFileReference; fileEncoding = 4; lastKnownFileType = sourcecode.c.h; path = SDImageCache.h; sourceTree = "<group>"; };
		D717F3A019A7688400FB5C21 /* SDImageCache.m */ = {isa = PBXFileReference; fileEncoding = 4; lastKnownFileType = sourcecode.c.objc; path = SDImageCache.m; sourceTree = "<group>"; };
		D717F3A119A7688400FB5C21 /* SDWebImageCompat.h */ = {isa = PBXFileReference; fileEncoding = 4; lastKnownFileType = sourcecode.c.h; path = SDWebImageCompat.h; sourceTree = "<group>"; };
		D717F3A219A7688400FB5C21 /* SDWebImageCompat.m */ = {isa = PBXFileReference; fileEncoding = 4; lastKnownFileType = sourcecode.c.objc; path = SDWebImageCompat.m; sourceTree = "<group>"; };
		D717F3A319A7688400FB5C21 /* SDWebImageDecoder.h */ = {isa = PBXFileReference; fileEncoding = 4; lastKnownFileType = sourcecode.c.h; path = SDWebImageDecoder.h; sourceTree = "<group>"; };
		D717F3A419A7688400FB5C21 /* SDWebImageDecoder.m */ = {isa = PBXFileReference; fileEncoding = 4; lastKnownFileType = sourcecode.c.objc; path = SDWebImageDecoder.m; sourceTree = "<group>"; };
		D717F3A519A7688400FB5C21 /* SDWebImageDownloader.h */ = {isa = PBXFileReference; fileEncoding = 4; lastKnownFileType = sourcecode.c.h; path = SDWebImageDownloader.h; sourceTree = "<group>"; };
		D717F3A619A7688400FB5C21 /* SDWebImageDownloader.m */ = {isa = PBXFileReference; fileEncoding = 4; lastKnownFileType = sourcecode.c.objc; path = SDWebImageDownloader.m; sourceTree = "<group>"; };
		D717F3A719A7688400FB5C21 /* SDWebImageDownloaderOperation.h */ = {isa = PBXFileReference; fileEncoding = 4; lastKnownFileType = sourcecode.c.h; path = SDWebImageDownloaderOperation.h; sourceTree = "<group>"; };
		D717F3A819A7688400FB5C21 /* SDWebImageDownloaderOperation.m */ = {isa = PBXFileReference; fileEncoding = 4; lastKnownFileType = sourcecode.c.objc; path = SDWebImageDownloaderOperation.m; sourceTree = "<group>"; };
		D717F3A919A7688400FB5C21 /* SDWebImageManager.h */ = {isa = PBXFileReference; fileEncoding = 4; lastKnownFileType = sourcecode.c.h; path = SDWebImageManager.h; sourceTree = "<group>"; };
		D717F3AA19A7688400FB5C21 /* SDWebImageManager.m */ = {isa = PBXFileReference; fileEncoding = 4; lastKnownFileType = sourcecode.c.objc; path = SDWebImageManager.m; sourceTree = "<group>"; };
		D717F3AB19A7688400FB5C21 /* SDWebImageOperation.h */ = {isa = PBXFileReference; fileEncoding = 4; lastKnownFileType = sourcecode.c.h; path = SDWebImageOperation.h; sourceTree = "<group>"; };
		D717F3AC19A7688400FB5C21 /* SDWebImagePrefetcher.h */ = {isa = PBXFileReference; fileEncoding = 4; lastKnownFileType = sourcecode.c.h; path = SDWebImagePrefetcher.h; sourceTree = "<group>"; };
		D717F3AD19A7688400FB5C21 /* SDWebImagePrefetcher.m */ = {isa = PBXFileReference; fileEncoding = 4; lastKnownFileType = sourcecode.c.objc; path = SDWebImagePrefetcher.m; sourceTree = "<group>"; };
		D717F3AE19A7688400FB5C21 /* UIButton+WebCache.h */ = {isa = PBXFileReference; fileEncoding = 4; lastKnownFileType = sourcecode.c.h; path = "UIButton+WebCache.h"; sourceTree = "<group>"; };
		D717F3AF19A7688400FB5C21 /* UIButton+WebCache.m */ = {isa = PBXFileReference; fileEncoding = 4; lastKnownFileType = sourcecode.c.objc; path = "UIButton+WebCache.m"; sourceTree = "<group>"; };
		D717F3B019A7688400FB5C21 /* UIImage+GIF.h */ = {isa = PBXFileReference; fileEncoding = 4; lastKnownFileType = sourcecode.c.h; path = "UIImage+GIF.h"; sourceTree = "<group>"; };
		D717F3B119A7688400FB5C21 /* UIImage+GIF.m */ = {isa = PBXFileReference; fileEncoding = 4; lastKnownFileType = sourcecode.c.objc; path = "UIImage+GIF.m"; sourceTree = "<group>"; };
		D717F3B219A7688400FB5C21 /* UIImage+MultiFormat.h */ = {isa = PBXFileReference; fileEncoding = 4; lastKnownFileType = sourcecode.c.h; path = "UIImage+MultiFormat.h"; sourceTree = "<group>"; };
		D717F3B319A7688400FB5C21 /* UIImage+MultiFormat.m */ = {isa = PBXFileReference; fileEncoding = 4; lastKnownFileType = sourcecode.c.objc; path = "UIImage+MultiFormat.m"; sourceTree = "<group>"; };
		D717F3B419A7688400FB5C21 /* UIImage+WebP.h */ = {isa = PBXFileReference; fileEncoding = 4; lastKnownFileType = sourcecode.c.h; path = "UIImage+WebP.h"; sourceTree = "<group>"; };
		D717F3B519A7688400FB5C21 /* UIImage+WebP.m */ = {isa = PBXFileReference; fileEncoding = 4; lastKnownFileType = sourcecode.c.objc; path = "UIImage+WebP.m"; sourceTree = "<group>"; };
		D717F3B619A7688400FB5C21 /* UIImageView+WebCache.h */ = {isa = PBXFileReference; fileEncoding = 4; lastKnownFileType = sourcecode.c.h; path = "UIImageView+WebCache.h"; sourceTree = "<group>"; };
		D717F3B719A7688400FB5C21 /* UIImageView+WebCache.m */ = {isa = PBXFileReference; fileEncoding = 4; lastKnownFileType = sourcecode.c.objc; path = "UIImageView+WebCache.m"; sourceTree = "<group>"; };
		D726DA1319A62C1300B21B3C /* TabBarButton.h */ = {isa = PBXFileReference; fileEncoding = 4; lastKnownFileType = sourcecode.c.h; path = TabBarButton.h; sourceTree = "<group>"; };
		D726DA1419A62C1300B21B3C /* TabBarButton.m */ = {isa = PBXFileReference; fileEncoding = 4; lastKnownFileType = sourcecode.c.objc; path = TabBarButton.m; sourceTree = "<group>"; };
		D727A30319A86D5500B76F15 /* AccountInfo.h */ = {isa = PBXFileReference; fileEncoding = 4; lastKnownFileType = sourcecode.c.h; path = AccountInfo.h; sourceTree = "<group>"; };
		D727A30419A86D5500B76F15 /* AccountInfo.m */ = {isa = PBXFileReference; fileEncoding = 4; lastKnownFileType = sourcecode.c.objc; path = AccountInfo.m; sourceTree = "<group>"; };
		D727A30619A8767000B76F15 /* MyTool.h */ = {isa = PBXFileReference; fileEncoding = 4; lastKnownFileType = sourcecode.c.h; name = MyTool.h; path = SDWebImage/MyTool.h; sourceTree = "<group>"; };
		D727A30719A8767000B76F15 /* MyTool.m */ = {isa = PBXFileReference; fileEncoding = 4; lastKnownFileType = sourcecode.c.objc; name = MyTool.m; path = SDWebImage/MyTool.m; sourceTree = "<group>"; };
		D727A30919A8A4AD00B76F15 /* Status.h */ = {isa = PBXFileReference; fileEncoding = 4; lastKnownFileType = sourcecode.c.h; path = Status.h; sourceTree = "<group>"; };
		D727A30A19A8A4AD00B76F15 /* Status.m */ = {isa = PBXFileReference; fileEncoding = 4; lastKnownFileType = sourcecode.c.objc; path = Status.m; sourceTree = "<group>"; };
		D727A30C19A8A82D00B76F15 /* User.h */ = {isa = PBXFileReference; fileEncoding = 4; lastKnownFileType = sourcecode.c.h; path = User.h; sourceTree = "<group>"; };
		D727A30D19A8A82D00B76F15 /* User.m */ = {isa = PBXFileReference; fileEncoding = 4; lastKnownFileType = sourcecode.c.objc; path = User.m; sourceTree = "<group>"; };
		D7418A3419A5F53500138AC8 /* 微博20148.app */ = {isa = PBXFileReference; explicitFileType = wrapper.application; includeInIndex = 0; path = "微博20148.app"; sourceTree = BUILT_PRODUCTS_DIR; };
		D7418A3719A5F53500138AC8 /* Foundation.framework */ = {isa = PBXFileReference; lastKnownFileType = wrapper.framework; name = Foundation.framework; path = System/Library/Frameworks/Foundation.framework; sourceTree = SDKROOT; };
		D7418A3919A5F53500138AC8 /* CoreGraphics.framework */ = {isa = PBXFileReference; lastKnownFileType = wrapper.framework; name = CoreGraphics.framework; path = System/Library/Frameworks/CoreGraphics.framework; sourceTree = SDKROOT; };
		D7418A3B19A5F53500138AC8 /* UIKit.framework */ = {isa = PBXFileReference; lastKnownFileType = wrapper.framework; name = UIKit.framework; path = System/Library/Frameworks/UIKit.framework; sourceTree = SDKROOT; };
		D7418A3F19A5F53500138AC8 /* weibo-Info.plist */ = {isa = PBXFileReference; lastKnownFileType = text.plist.xml; path = "weibo-Info.plist"; sourceTree = "<group>"; };
		D7418A4119A5F53600138AC8 /* en */ = {isa = PBXFileReference; lastKnownFileType = text.plist.strings; name = en; path = en.lproj/InfoPlist.strings; sourceTree = "<group>"; };
		D7418A4319A5F53600138AC8 /* main.m */ = {isa = PBXFileReference; lastKnownFileType = sourcecode.c.objc; path = main.m; sourceTree = "<group>"; };
		D7418A4519A5F53600138AC8 /* weibo-Prefix.pch */ = {isa = PBXFileReference; lastKnownFileType = sourcecode.c.h; path = "weibo-Prefix.pch"; sourceTree = "<group>"; };
		D7418A4619A5F53600138AC8 /* AppDelegate.h */ = {isa = PBXFileReference; lastKnownFileType = sourcecode.c.h; path = AppDelegate.h; sourceTree = "<group>"; };
		D7418A4719A5F53600138AC8 /* AppDelegate.m */ = {isa = PBXFileReference; lastKnownFileType = sourcecode.c.objc; path = AppDelegate.m; sourceTree = "<group>"; };
		D7418A4919A5F53600138AC8 /* Images.xcassets */ = {isa = PBXFileReference; lastKnownFileType = folder.assetcatalog; path = Images.xcassets; sourceTree = "<group>"; };
		D7418A4F19A5F53600138AC8 /* weiboTests.xctest */ = {isa = PBXFileReference; explicitFileType = wrapper.cfbundle; includeInIndex = 0; path = weiboTests.xctest; sourceTree = BUILT_PRODUCTS_DIR; };
		D7418A5019A5F53600138AC8 /* XCTest.framework */ = {isa = PBXFileReference; lastKnownFileType = wrapper.framework; name = XCTest.framework; path = Library/Frameworks/XCTest.framework; sourceTree = DEVELOPER_DIR; };
		D7418A5819A5F53600138AC8 /* weiboTests-Info.plist */ = {isa = PBXFileReference; lastKnownFileType = text.plist.xml; path = "weiboTests-Info.plist"; sourceTree = "<group>"; };
		D7418A5A19A5F53600138AC8 /* en */ = {isa = PBXFileReference; lastKnownFileType = text.plist.strings; name = en; path = en.lproj/InfoPlist.strings; sourceTree = "<group>"; };
		D7418A5C19A5F53600138AC8 /* weiboTests.m */ = {isa = PBXFileReference; lastKnownFileType = sourcecode.c.objc; path = weiboTests.m; sourceTree = "<group>"; };
		D7418A6619A5FEEE00138AC8 /* TabBarViewController.h */ = {isa = PBXFileReference; fileEncoding = 4; lastKnownFileType = sourcecode.c.h; path = TabBarViewController.h; sourceTree = "<group>"; };
		D7418A6719A5FEEE00138AC8 /* TabBarViewController.m */ = {isa = PBXFileReference; fileEncoding = 4; lastKnownFileType = sourcecode.c.objc; path = TabBarViewController.m; sourceTree = "<group>"; };
		D7418A6919A5FF3700138AC8 /* HomeViewController.h */ = {isa = PBXFileReference; fileEncoding = 4; lastKnownFileType = sourcecode.c.h; path = HomeViewController.h; sourceTree = "<group>"; };
		D7418A6A19A5FF3700138AC8 /* HomeViewController.m */ = {isa = PBXFileReference; fileEncoding = 4; lastKnownFileType = sourcecode.c.objc; path = HomeViewController.m; sourceTree = "<group>"; };
		D7418A6C19A5FF4300138AC8 /* MessageViewController.h */ = {isa = PBXFileReference; fileEncoding = 4; lastKnownFileType = sourcecode.c.h; path = MessageViewController.h; sourceTree = "<group>"; };
		D7418A6D19A5FF4300138AC8 /* MessageViewController.m */ = {isa = PBXFileReference; fileEncoding = 4; lastKnownFileType = sourcecode.c.objc; path = MessageViewController.m; sourceTree = "<group>"; };
		D7418A6F19A5FF6300138AC8 /* DiscoverViewController.h */ = {isa = PBXFileReference; fileEncoding = 4; lastKnownFileType = sourcecode.c.h; path = DiscoverViewController.h; sourceTree = "<group>"; };
		D7418A7019A5FF6300138AC8 /* DiscoverViewController.m */ = {isa = PBXFileReference; fileEncoding = 4; lastKnownFileType = sourcecode.c.objc; path = DiscoverViewController.m; sourceTree = "<group>"; };
		D7418A7219A5FF6E00138AC8 /* MeViewController.h */ = {isa = PBXFileReference; fileEncoding = 4; lastKnownFileType = sourcecode.c.h; path = MeViewController.h; sourceTree = "<group>"; };
		D7418A7319A5FF6E00138AC8 /* MeViewController.m */ = {isa = PBXFileReference; fileEncoding = 4; lastKnownFileType = sourcecode.c.objc; path = MeViewController.m; sourceTree = "<group>"; };
		D7418A7D19A61DA400138AC8 /* UIImage+loadImage.h */ = {isa = PBXFileReference; fileEncoding = 4; lastKnownFileType = sourcecode.c.h; path = "UIImage+loadImage.h"; sourceTree = "<group>"; };
		D7418A7E19A61DA400138AC8 /* UIImage+loadImage.m */ = {isa = PBXFileReference; fileEncoding = 4; lastKnownFileType = sourcecode.c.objc; path = "UIImage+loadImage.m"; sourceTree = "<group>"; };
		D7418A8019A620F100138AC8 /* TabBar.h */ = {isa = PBXFileReference; fileEncoding = 4; lastKnownFileType = sourcecode.c.h; path = TabBar.h; sourceTree = "<group>"; };
		D7418A8119A620F100138AC8 /* TabBar.m */ = {isa = PBXFileReference; fileEncoding = 4; lastKnownFileType = sourcecode.c.objc; path = TabBar.m; sourceTree = "<group>"; };
		D74F0F1F19A6CE7D0095E3F5 /* BadgeButton.h */ = {isa = PBXFileReference; fileEncoding = 4; lastKnownFileType = sourcecode.c.h; path = BadgeButton.h; sourceTree = "<group>"; };
		D74F0F2019A6CE7D0095E3F5 /* BadgeButton.m */ = {isa = PBXFileReference; fileEncoding = 4; lastKnownFileType = sourcecode.c.objc; path = BadgeButton.m; sourceTree = "<group>"; };
		D74F0F2219A6D8CA0095E3F5 /* NavViewController.h */ = {isa = PBXFileReference; fileEncoding = 4; lastKnownFileType = sourcecode.c.h; path = NavViewController.h; sourceTree = "<group>"; };
		D74F0F2319A6D8CA0095E3F5 /* NavViewController.m */ = {isa = PBXFileReference; fileEncoding = 4; lastKnownFileType = sourcecode.c.objc; path = NavViewController.m; sourceTree = "<group>"; };
		D74F0F2519A6E54A0095E3F5 /* UIBarButtonItem+CustonItem.h */ = {isa = PBXFileReference; fileEncoding = 4; lastKnownFileType = sourcecode.c.h; path = "UIBarButtonItem+CustonItem.h"; sourceTree = "<group>"; };
		D74F0F2619A6E54A0095E3F5 /* UIBarButtonItem+CustonItem.m */ = {isa = PBXFileReference; fileEncoding = 4; lastKnownFileType = sourcecode.c.objc; path = "UIBarButtonItem+CustonItem.m"; sourceTree = "<group>"; };
		D759C09619A97B49009A3B76 /* StatusViewCell.h */ = {isa = PBXFileReference; fileEncoding = 4; lastKnownFileType = sourcecode.c.h; path = StatusViewCell.h; sourceTree = "<group>"; };
		D759C09719A97B49009A3B76 /* StatusViewCell.m */ = {isa = PBXFileReference; fileEncoding = 4; lastKnownFileType = sourcecode.c.objc; path = StatusViewCell.m; sourceTree = "<group>"; };
		D759C09919A97B64009A3B76 /* StatusFrame.h */ = {isa = PBXFileReference; fileEncoding = 4; lastKnownFileType = sourcecode.c.h; path = StatusFrame.h; sourceTree = "<group>"; };
		D759C09A19A97B64009A3B76 /* StatusFrame.m */ = {isa = PBXFileReference; fileEncoding = 4; lastKnownFileType = sourcecode.c.objc; path = StatusFrame.m; sourceTree = "<group>"; };
		D76789BC19A6EAFF00AA0496 /* SearchBar.h */ = {isa = PBXFileReference; fileEncoding = 4; lastKnownFileType = sourcecode.c.h; path = SearchBar.h; sourceTree = "<group>"; };
		D76789BD19A6EAFF00AA0496 /* SearchBar.m */ = {isa = PBXFileReference; fileEncoding = 4; lastKnownFileType = sourcecode.c.objc; path = SearchBar.m; sourceTree = "<group>"; };
		D76789BF19A6F05900AA0496 /* TitleImageButton.h */ = {isa = PBXFileReference; fileEncoding = 4; lastKnownFileType = sourcecode.c.h; path = TitleImageButton.h; sourceTree = "<group>"; };
		D76789C019A6F05900AA0496 /* TitleImageButton.m */ = {isa = PBXFileReference; fileEncoding = 4; lastKnownFileType = sourcecode.c.objc; path = TitleImageButton.m; sourceTree = "<group>"; };
		D76789C219A700C000AA0496 /* NewFeatureController.h */ = {isa = PBXFileReference; fileEncoding = 4; lastKnownFileType = sourcecode.c.h; path = NewFeatureController.h; sourceTree = "<group>"; };
		D76789C319A700C000AA0496 /* NewFeatureController.m */ = {isa = PBXFileReference; fileEncoding = 4; lastKnownFileType = sourcecode.c.objc; path = NewFeatureController.m; sourceTree = "<group>"; };
		D76789C519A707E000AA0496 /* MyPageControl.h */ = {isa = PBXFileReference; fileEncoding = 4; lastKnownFileType = sourcecode.c.h; path = MyPageControl.h; sourceTree = "<group>"; };
		D76789C619A707E000AA0496 /* MyPageControl.m */ = {isa = PBXFileReference; fileEncoding = 4; lastKnownFileType = sourcecode.c.objc; path = MyPageControl.m; sourceTree = "<group>"; };
		D78AE1A119AAC6C90007D6E7 /* NSDate+ConpareDate.h */ = {isa = PBXFileReference; fileEncoding = 4; lastKnownFileType = sourcecode.c.h; path = "NSDate+ConpareDate.h"; sourceTree = "<group>"; };
		D78AE1A219AAC6C90007D6E7 /* NSDate+ConpareDate.m */ = {isa = PBXFileReference; fileEncoding = 4; lastKnownFileType = sourcecode.c.objc; path = "NSDate+ConpareDate.m"; sourceTree = "<group>"; };
/* End PBXFileReference section */

/* Begin PBXFrameworksBuildPhase section */
		D7418A3119A5F53500138AC8 /* Frameworks */ = {
			isa = PBXFrameworksBuildPhase;
			buildActionMask = 2147483647;
			files = (
				D7418A3A19A5F53500138AC8 /* CoreGraphics.framework in Frameworks */,
				D7418A3C19A5F53500138AC8 /* UIKit.framework in Frameworks */,
				D7418A3819A5F53500138AC8 /* Foundation.framework in Frameworks */,
			);
			runOnlyForDeploymentPostprocessing = 0;
		};
		D7418A4C19A5F53600138AC8 /* Frameworks */ = {
			isa = PBXFrameworksBuildPhase;
			buildActionMask = 2147483647;
			files = (
				D7418A5119A5F53600138AC8 /* XCTest.framework in Frameworks */,
				D7418A5319A5F53600138AC8 /* UIKit.framework in Frameworks */,
				D7418A5219A5F53600138AC8 /* Foundation.framework in Frameworks */,
			);
			runOnlyForDeploymentPostprocessing = 0;
		};
/* End PBXFrameworksBuildPhase section */

/* Begin PBXGroup section */
		D717F36419A745FC00FB5C21 /* Main */ = {
			isa = PBXGroup;
			children = (
				D7418A6619A5FEEE00138AC8 /* TabBarViewController.h */,
				D7418A6719A5FEEE00138AC8 /* TabBarViewController.m */,
				D76789C219A700C000AA0496 /* NewFeatureController.h */,
				D76789C319A700C000AA0496 /* NewFeatureController.m */,
				D717F36519A7463300FB5C21 /* WriteMessViewController.h */,
				D717F36619A7463300FB5C21 /* WriteMessViewController.m */,
				D717F36819A75D2200FB5C21 /* OauthViewController.h */,
				D717F36919A75D2200FB5C21 /* OauthViewController.m */,
			);
			name = Main;
			sourceTree = "<group>";
		};
		D717F36B19A7688400FB5C21 /* Lib */ = {
			isa = PBXGroup;
			children = (
				D727A30619A8767000B76F15 /* MyTool.h */,
				D727A30719A8767000B76F15 /* MyTool.m */,
				D717F36C19A7688400FB5C21 /* AFNetworking */,
				D717F38019A7688400FB5C21 /* MBProgressHUD */,
				D717F38619A7688400FB5C21 /* MJExtension */,
				D717F39A19A7688400FB5C21 /* SDWebImage */,
			);
			path = Lib;
			sourceTree = "<group>";
		};
		D717F36C19A7688400FB5C21 /* AFNetworking */ = {
			isa = PBXGroup;
			children = (
				D717F36D19A7688400FB5C21 /* AFHTTPRequestOperation.h */,
				D717F36E19A7688400FB5C21 /* AFHTTPRequestOperation.m */,
				D717F36F19A7688400FB5C21 /* AFHTTPRequestOperationManager.h */,
				D717F37019A7688400FB5C21 /* AFHTTPRequestOperationManager.m */,
				D717F37119A7688400FB5C21 /* AFHTTPSessionManager.h */,
				D717F37219A7688400FB5C21 /* AFHTTPSessionManager.m */,
				D717F37319A7688400FB5C21 /* AFNetworking.h */,
				D717F37419A7688400FB5C21 /* AFNetworkReachabilityManager.h */,
				D717F37519A7688400FB5C21 /* AFNetworkReachabilityManager.m */,
				D717F37619A7688400FB5C21 /* AFSecurityPolicy.h */,
				D717F37719A7688400FB5C21 /* AFSecurityPolicy.m */,
				D717F37819A7688400FB5C21 /* AFURLConnectionOperation.h */,
				D717F37919A7688400FB5C21 /* AFURLConnectionOperation.m */,
				D717F37A19A7688400FB5C21 /* AFURLRequestSerialization.h */,
				D717F37B19A7688400FB5C21 /* AFURLRequestSerialization.m */,
				D717F37C19A7688400FB5C21 /* AFURLResponseSerialization.h */,
				D717F37D19A7688400FB5C21 /* AFURLResponseSerialization.m */,
				D717F37E19A7688400FB5C21 /* AFURLSessionManager.h */,
				D717F37F19A7688400FB5C21 /* AFURLSessionManager.m */,
			);
			path = AFNetworking;
			sourceTree = "<group>";
		};
		D717F38019A7688400FB5C21 /* MBProgressHUD */ = {
			isa = PBXGroup;
			children = (
				D717F38119A7688400FB5C21 /* MBProgressHUD+MJ.h */,
				D717F38219A7688400FB5C21 /* MBProgressHUD+MJ.m */,
				D717F38319A7688400FB5C21 /* MBProgressHUD.bundle */,
				D717F38419A7688400FB5C21 /* MBProgressHUD.h */,
				D717F38519A7688400FB5C21 /* MBProgressHUD.m */,
			);
			path = MBProgressHUD;
			sourceTree = "<group>";
		};
		D717F38619A7688400FB5C21 /* MJExtension */ = {
			isa = PBXGroup;
			children = (
				D717F38719A7688400FB5C21 /* MJArgument.h */,
				D717F38819A7688400FB5C21 /* MJArgument.m */,
				D717F38919A7688400FB5C21 /* MJExtension.h */,
				D717F38A19A7688400FB5C21 /* MJIvar.h */,
				D717F38B19A7688400FB5C21 /* MJIvar.m */,
				D717F38C19A7688400FB5C21 /* MJMember.h */,
				D717F38D19A7688400FB5C21 /* MJMember.m */,
				D717F38E19A7688400FB5C21 /* MJMethod.h */,
				D717F38F19A7688400FB5C21 /* MJMethod.m */,
				D717F39019A7688400FB5C21 /* MJType.h */,
				D717F39119A7688400FB5C21 /* MJType.m */,
				D717F39219A7688400FB5C21 /* MJTypeEncoding.h */,
				D717F39319A7688400FB5C21 /* MJTypeEncoding.m */,
				D717F39419A7688400FB5C21 /* NSObject+MJCoding.h */,
				D717F39519A7688400FB5C21 /* NSObject+MJCoding.m */,
				D717F39619A7688400FB5C21 /* NSObject+MJKeyValue.h */,
				D717F39719A7688400FB5C21 /* NSObject+MJKeyValue.m */,
				D717F39819A7688400FB5C21 /* NSObject+MJMember.h */,
				D717F39919A7688400FB5C21 /* NSObject+MJMember.m */,
			);
			path = MJExtension;
			sourceTree = "<group>";
		};
		D717F39A19A7688400FB5C21 /* SDWebImage */ = {
			isa = PBXGroup;
			children = (
				D717F39B19A7688400FB5C21 /* MKAnnotationView+WebCache.h */,
				D717F39C19A7688400FB5C21 /* MKAnnotationView+WebCache.m */,
				D717F39D19A7688400FB5C21 /* NSData+ImageContentType.h */,
				D717F39E19A7688400FB5C21 /* NSData+ImageContentType.m */,
				D717F39F19A7688400FB5C21 /* SDImageCache.h */,
				D717F3A019A7688400FB5C21 /* SDImageCache.m */,
				D717F3A119A7688400FB5C21 /* SDWebImageCompat.h */,
				D717F3A219A7688400FB5C21 /* SDWebImageCompat.m */,
				D717F3A319A7688400FB5C21 /* SDWebImageDecoder.h */,
				D717F3A419A7688400FB5C21 /* SDWebImageDecoder.m */,
				D717F3A519A7688400FB5C21 /* SDWebImageDownloader.h */,
				D717F3A619A7688400FB5C21 /* SDWebImageDownloader.m */,
				D717F3A719A7688400FB5C21 /* SDWebImageDownloaderOperation.h */,
				D717F3A819A7688400FB5C21 /* SDWebImageDownloaderOperation.m */,
				D717F3A919A7688400FB5C21 /* SDWebImageManager.h */,
				D717F3AA19A7688400FB5C21 /* SDWebImageManager.m */,
				D717F3AB19A7688400FB5C21 /* SDWebImageOperation.h */,
				D717F3AC19A7688400FB5C21 /* SDWebImagePrefetcher.h */,
				D717F3AD19A7688400FB5C21 /* SDWebImagePrefetcher.m */,
				D717F3AE19A7688400FB5C21 /* UIButton+WebCache.h */,
				D717F3AF19A7688400FB5C21 /* UIButton+WebCache.m */,
				D717F3B019A7688400FB5C21 /* UIImage+GIF.h */,
				D717F3B119A7688400FB5C21 /* UIImage+GIF.m */,
				D717F3B219A7688400FB5C21 /* UIImage+MultiFormat.h */,
				D717F3B319A7688400FB5C21 /* UIImage+MultiFormat.m */,
				D717F3B419A7688400FB5C21 /* UIImage+WebP.h */,
				D717F3B519A7688400FB5C21 /* UIImage+WebP.m */,
				D717F3B619A7688400FB5C21 /* UIImageView+WebCache.h */,
				D717F3B719A7688400FB5C21 /* UIImageView+WebCache.m */,
			);
			path = SDWebImage;
			sourceTree = "<group>";
		};
		D7418A2B19A5F53500138AC8 = {
			isa = PBXGroup;
			children = (
				D7418A3D19A5F53500138AC8 /* weibo */,
				D7418A5619A5F53600138AC8 /* weiboTests */,
				D7418A3619A5F53500138AC8 /* Frameworks */,
				D7418A3519A5F53500138AC8 /* Products */,
			);
			sourceTree = "<group>";
		};
		D7418A3519A5F53500138AC8 /* Products */ = {
			isa = PBXGroup;
			children = (
				D7418A3419A5F53500138AC8 /* 微博20148.app */,
				D7418A4F19A5F53600138AC8 /* weiboTests.xctest */,
			);
			name = Products;
			sourceTree = "<group>";
		};
		D7418A3619A5F53500138AC8 /* Frameworks */ = {
			isa = PBXGroup;
			children = (
				D7418A3719A5F53500138AC8 /* Foundation.framework */,
				D7418A3919A5F53500138AC8 /* CoreGraphics.framework */,
				D7418A3B19A5F53500138AC8 /* UIKit.framework */,
				D7418A5019A5F53600138AC8 /* XCTest.framework */,
			);
			name = Frameworks;
			sourceTree = "<group>";
		};
		D7418A3D19A5F53500138AC8 /* weibo */ = {
			isa = PBXGroup;
			children = (
				D717F36B19A7688400FB5C21 /* Lib */,
				D7418A7B19A6080900138AC8 /* Others */,
				D717F36419A745FC00FB5C21 /* Main */,
				D7418A7719A607C000138AC8 /* Discover */,
				D7418A7619A607B200138AC8 /* Message */,
				D7418A7519A607A100138AC8 /* Home */,
				D7418A7A19A607FA00138AC8 /* ME */,
				D7418A3E19A5F53500138AC8 /* Supporting Files */,
			);
			path = weibo;
			sourceTree = "<group>";
		};
		D7418A3E19A5F53500138AC8 /* Supporting Files */ = {
			isa = PBXGroup;
			children = (
				D7418A4919A5F53600138AC8 /* Images.xcassets */,
				D7418A3F19A5F53500138AC8 /* weibo-Info.plist */,
				D7418A4019A5F53600138AC8 /* InfoPlist.strings */,
				D7418A4319A5F53600138AC8 /* main.m */,
				D7418A4519A5F53600138AC8 /* weibo-Prefix.pch */,
			);
			name = "Supporting Files";
			sourceTree = "<group>";
		};
		D7418A5619A5F53600138AC8 /* weiboTests */ = {
			isa = PBXGroup;
			children = (
				D7418A5C19A5F53600138AC8 /* weiboTests.m */,
				D7418A5719A5F53600138AC8 /* Supporting Files */,
			);
			path = weiboTests;
			sourceTree = "<group>";
		};
		D7418A5719A5F53600138AC8 /* Supporting Files */ = {
			isa = PBXGroup;
			children = (
				D7418A5819A5F53600138AC8 /* weiboTests-Info.plist */,
				D7418A5919A5F53600138AC8 /* InfoPlist.strings */,
			);
			name = "Supporting Files";
			sourceTree = "<group>";
		};
		D7418A7519A607A100138AC8 /* Home */ = {
			isa = PBXGroup;
			children = (
				D7418A7C19A6084A00138AC8 /* controller */,
				D759C09C19A97B68009A3B76 /* Model */,
				D759C09619A97B49009A3B76 /* StatusViewCell.h */,
				D759C09719A97B49009A3B76 /* StatusViewCell.m */,
			);
			name = Home;
			sourceTree = "<group>";
		};
		D7418A7619A607B200138AC8 /* Message */ = {
			isa = PBXGroup;
			children = (
				D7418A6C19A5FF4300138AC8 /* MessageViewController.h */,
				D7418A6D19A5FF4300138AC8 /* MessageViewController.m */,
			);
			name = Message;
			sourceTree = "<group>";
		};
		D7418A7719A607C000138AC8 /* Discover */ = {
			isa = PBXGroup;
			children = (
				D7418A6F19A5FF6300138AC8 /* DiscoverViewController.h */,
				D7418A7019A5FF6300138AC8 /* DiscoverViewController.m */,
			);
			name = Discover;
			sourceTree = "<group>";
		};
		D7418A7A19A607FA00138AC8 /* ME */ = {
			isa = PBXGroup;
			children = (
				D7418A7219A5FF6E00138AC8 /* MeViewController.h */,
				D7418A7319A5FF6E00138AC8 /* MeViewController.m */,
			);
			name = ME;
			sourceTree = "<group>";
		};
		D7418A7B19A6080900138AC8 /* Others */ = {
			isa = PBXGroup;
			children = (
				D7418A4619A5F53600138AC8 /* AppDelegate.h */,
				D7418A4719A5F53600138AC8 /* AppDelegate.m */,
				D7418A7D19A61DA400138AC8 /* UIImage+loadImage.h */,
				D7418A7E19A61DA400138AC8 /* UIImage+loadImage.m */,
				D74F0F2519A6E54A0095E3F5 /* UIBarButtonItem+CustonItem.h */,
				D74F0F2619A6E54A0095E3F5 /* UIBarButtonItem+CustonItem.m */,
				D7418A8019A620F100138AC8 /* TabBar.h */,
				D7418A8119A620F100138AC8 /* TabBar.m */,
				D726DA1319A62C1300B21B3C /* TabBarButton.h */,
				D726DA1419A62C1300B21B3C /* TabBarButton.m */,
				D74F0F1F19A6CE7D0095E3F5 /* BadgeButton.h */,
				D74F0F2019A6CE7D0095E3F5 /* BadgeButton.m */,
				D76789BC19A6EAFF00AA0496 /* SearchBar.h */,
				D76789BD19A6EAFF00AA0496 /* SearchBar.m */,
				D76789BF19A6F05900AA0496 /* TitleImageButton.h */,
				D76789C019A6F05900AA0496 /* TitleImageButton.m */,
				D76789C519A707E000AA0496 /* MyPageControl.h */,
				D76789C619A707E000AA0496 /* MyPageControl.m */,
				D727A30319A86D5500B76F15 /* AccountInfo.h */,
				D727A30419A86D5500B76F15 /* AccountInfo.m */,
			);
			name = Others;
			sourceTree = "<group>";
		};
		D7418A7C19A6084A00138AC8 /* controller */ = {
			isa = PBXGroup;
			children = (
				D7418A6919A5FF3700138AC8 /* HomeViewController.h */,
				D7418A6A19A5FF3700138AC8 /* HomeViewController.m */,
				D74F0F2219A6D8CA0095E3F5 /* NavViewController.h */,
				D74F0F2319A6D8CA0095E3F5 /* NavViewController.m */,
			);
			name = controller;
			sourceTree = "<group>";
		};
		D759C09C19A97B68009A3B76 /* Model */ = {
			isa = PBXGroup;
			children = (
				D727A30919A8A4AD00B76F15 /* Status.h */,
				D727A30A19A8A4AD00B76F15 /* Status.m */,
				D78AE1A119AAC6C90007D6E7 /* NSDate+ConpareDate.h */,
				D78AE1A219AAC6C90007D6E7 /* NSDate+ConpareDate.m */,
				D727A30C19A8A82D00B76F15 /* User.h */,
				D727A30D19A8A82D00B76F15 /* User.m */,
				D759C09919A97B64009A3B76 /* StatusFrame.h */,
				D759C09A19A97B64009A3B76 /* StatusFrame.m */,
			);
			name = Model;
			sourceTree = "<group>";
		};
/* End PBXGroup section */

/* Begin PBXNativeTarget section */
		D7418A3319A5F53500138AC8 /* weibo */ = {
			isa = PBXNativeTarget;
			buildConfigurationList = D7418A6019A5F53600138AC8 /* Build configuration list for PBXNativeTarget "weibo" */;
			buildPhases = (
				D7418A3019A5F53500138AC8 /* Sources */,
				D7418A3119A5F53500138AC8 /* Frameworks */,
				D7418A3219A5F53500138AC8 /* Resources */,
			);
			buildRules = (
			);
			dependencies = (
			);
			name = weibo;
			productName = weibo;
			productReference = D7418A3419A5F53500138AC8 /* 微博20148.app */;
			productType = "com.apple.product-type.application";
		};
		D7418A4E19A5F53600138AC8 /* weiboTests */ = {
			isa = PBXNativeTarget;
			buildConfigurationList = D7418A6319A5F53600138AC8 /* Build configuration list for PBXNativeTarget "weiboTests" */;
			buildPhases = (
				D7418A4B19A5F53600138AC8 /* Sources */,
				D7418A4C19A5F53600138AC8 /* Frameworks */,
				D7418A4D19A5F53600138AC8 /* Resources */,
			);
			buildRules = (
			);
			dependencies = (
				D7418A5519A5F53600138AC8 /* PBXTargetDependency */,
			);
			name = weiboTests;
			productName = weiboTests;
			productReference = D7418A4F19A5F53600138AC8 /* weiboTests.xctest */;
			productType = "com.apple.product-type.bundle.unit-test";
		};
/* End PBXNativeTarget section */

/* Begin PBXProject section */
		D7418A2C19A5F53500138AC8 /* Project object */ = {
			isa = PBXProject;
			attributes = {
				LastUpgradeCheck = 0510;
				ORGANIZATIONNAME = "刘志华";
				TargetAttributes = {
					D7418A4E19A5F53600138AC8 = {
						TestTargetID = D7418A3319A5F53500138AC8;
					};
				};
			};
			buildConfigurationList = D7418A2F19A5F53500138AC8 /* Build configuration list for PBXProject "weibo" */;
			compatibilityVersion = "Xcode 3.2";
			developmentRegion = English;
			hasScannedForEncodings = 0;
			knownRegions = (
				en,
			);
			mainGroup = D7418A2B19A5F53500138AC8;
			productRefGroup = D7418A3519A5F53500138AC8 /* Products */;
			projectDirPath = "";
			projectRoot = "";
			targets = (
				D7418A3319A5F53500138AC8 /* weibo */,
				D7418A4E19A5F53600138AC8 /* weiboTests */,
			);
		};
/* End PBXProject section */

/* Begin PBXResourcesBuildPhase section */
		D7418A3219A5F53500138AC8 /* Resources */ = {
			isa = PBXResourcesBuildPhase;
			buildActionMask = 2147483647;
			files = (
				D7418A4219A5F53600138AC8 /* InfoPlist.strings in Resources */,
				D7418A4A19A5F53600138AC8 /* Images.xcassets in Resources */,
				D717F3C219A7688400FB5C21 /* MBProgressHUD.bundle in Resources */,
			);
			runOnlyForDeploymentPostprocessing = 0;
		};
		D7418A4D19A5F53600138AC8 /* Resources */ = {
			isa = PBXResourcesBuildPhase;
			buildActionMask = 2147483647;
			files = (
				D7418A5B19A5F53600138AC8 /* InfoPlist.strings in Resources */,
			);
			runOnlyForDeploymentPostprocessing = 0;
		};
/* End PBXResourcesBuildPhase section */

/* Begin PBXSourcesBuildPhase section */
		D7418A3019A5F53500138AC8 /* Sources */ = {
			isa = PBXSourcesBuildPhase;
			buildActionMask = 2147483647;
			files = (
				D717F3D619A7688400FB5C21 /* UIButton+WebCache.m in Sources */,
				D727A30819A8767000B76F15 /* MyTool.m in Sources */,
				D717F3C119A7688400FB5C21 /* MBProgressHUD+MJ.m in Sources */,
				D7418A8219A620F100138AC8 /* TabBar.m in Sources */,
				D74F0F2119A6CE7D0095E3F5 /* BadgeButton.m in Sources */,
				D7418A4819A5F53600138AC8 /* AppDelegate.m in Sources */,
				D7418A7119A5FF6300138AC8 /* DiscoverViewController.m in Sources */,
				D717F3CE19A7688400FB5C21 /* NSData+ImageContentType.m in Sources */,
				D717F3C719A7688400FB5C21 /* MJMethod.m in Sources */,
				D717F3BD19A7688400FB5C21 /* AFURLConnectionOperation.m in Sources */,
				D717F3BC19A7688400FB5C21 /* AFSecurityPolicy.m in Sources */,
				D717F3C319A7688400FB5C21 /* MBProgressHUD.m in Sources */,
				D7418A7419A5FF6E00138AC8 /* MeViewController.m in Sources */,
				D717F3BA19A7688400FB5C21 /* AFHTTPSessionManager.m in Sources */,
				D717F3D019A7688400FB5C21 /* SDWebImageCompat.m in Sources */,
				D759C09B19A97B64009A3B76 /* StatusFrame.m in Sources */,
				D717F3D419A7688400FB5C21 /* SDWebImageManager.m in Sources */,
				D717F3C819A7688400FB5C21 /* MJType.m in Sources */,
				D717F3CF19A7688400FB5C21 /* SDImageCache.m in Sources */,
				D727A30519A86D5500B76F15 /* AccountInfo.m in Sources */,
				D7418A6E19A5FF4300138AC8 /* MessageViewController.m in Sources */,
				D717F3D119A7688400FB5C21 /* SDWebImageDecoder.m in Sources */,
				D7418A6819A5FEEE00138AC8 /* TabBarViewController.m in Sources */,
				D717F3C519A7688400FB5C21 /* MJIvar.m in Sources */,
				D717F3D219A7688400FB5C21 /* SDWebImageDownloader.m in Sources */,
				D7418A7F19A61DA400138AC8 /* UIImage+loadImage.m in Sources */,
				D717F36A19A75D2200FB5C21 /* OauthViewController.m in Sources */,
				D726DA1519A62C1300B21B3C /* TabBarButton.m in Sources */,
				D717F3D819A7688400FB5C21 /* UIImage+MultiFormat.m in Sources */,
				D717F3C619A7688400FB5C21 /* MJMember.m in Sources */,
				D717F3D919A7688400FB5C21 /* UIImage+WebP.m in Sources */,
				D717F3C919A7688400FB5C21 /* MJTypeEncoding.m in Sources */,
				D717F3CB19A7688400FB5C21 /* NSObject+MJKeyValue.m in Sources */,
				D759C09819A97B49009A3B76 /* StatusViewCell.m in Sources */,
				D76789C119A6F05900AA0496 /* TitleImageButton.m in Sources */,
				D78AE1A319AAC6C90007D6E7 /* NSDate+ConpareDate.m in Sources */,
				D717F3CA19A7688400FB5C21 /* NSObject+MJCoding.m in Sources */,
				D717F3B919A7688400FB5C21 /* AFHTTPRequestOperationManager.m in Sources */,
				D717F36719A7463300FB5C21 /* WriteMessViewController.m in Sources */,
				D717F3CC19A7688400FB5C21 /* NSObject+MJMember.m in Sources */,
				D717F3B819A7688400FB5C21 /* AFHTTPRequestOperation.m in Sources */,
				D717F3D519A7688400FB5C21 /* SDWebImagePrefetcher.m in Sources */,
				D717F3C019A7688400FB5C21 /* AFURLSessionManager.m in Sources */,
				D7418A4419A5F53600138AC8 /* main.m in Sources */,
				D717F3BB19A7688400FB5C21 /* AFNetworkReachabilityManager.m in Sources */,
				D717F3D719A7688400FB5C21 /* UIImage+GIF.m in Sources */,
				D717F3BF19A7688400FB5C21 /* AFURLResponseSerialization.m in Sources */,
				D717F3BE19A7688400FB5C21 /* AFURLRequestSerialization.m in Sources */,
				D717F3DA19A7688400FB5C21 /* UIImageView+WebCache.m in Sources */,
				D76789C419A700C000AA0496 /* NewFeatureController.m in Sources */,
				D717F3CD19A7688400FB5C21 /* MKAnnotationView+WebCache.m in Sources */,
				D74F0F2719A6E54A0095E3F5 /* UIBarButtonItem+CustonItem.m in Sources */,
				D717F3D319A7688400FB5C21 /* SDWebImageDownloaderOperation.m in Sources */,
				D74F0F2419A6D8CA0095E3F5 /* NavViewController.m in Sources */,
				D7418A6B19A5FF3700138AC8 /* HomeViewController.m in Sources */,
				D76789C719A707E000AA0496 /* MyPageControl.m in Sources */,
				D727A30E19A8A82D00B76F15 /* User.m in Sources */,
				D76789BE19A6EAFF00AA0496 /* SearchBar.m in Sources */,
				D717F3C419A7688400FB5C21 /* MJArgument.m in Sources */,
				D727A30B19A8A4AD00B76F15 /* Status.m in Sources */,
			);
			runOnlyForDeploymentPostprocessing = 0;
		};
		D7418A4B19A5F53600138AC8 /* Sources */ = {
			isa = PBXSourcesBuildPhase;
			buildActionMask = 2147483647;
			files = (
				D7418A5D19A5F53600138AC8 /* weiboTests.m in Sources */,
			);
			runOnlyForDeploymentPostprocessing = 0;
		};
/* End PBXSourcesBuildPhase section */

/* Begin PBXTargetDependency section */
		D7418A5519A5F53600138AC8 /* PBXTargetDependency */ = {
			isa = PBXTargetDependency;
			target = D7418A3319A5F53500138AC8 /* weibo */;
			targetProxy = D7418A5419A5F53600138AC8 /* PBXContainerItemProxy */;
		};
/* End PBXTargetDependency section */

/* Begin PBXVariantGroup section */
		D7418A4019A5F53600138AC8 /* InfoPlist.strings */ = {
			isa = PBXVariantGroup;
			children = (
				D7418A4119A5F53600138AC8 /* en */,
			);
			name = InfoPlist.strings;
			sourceTree = "<group>";
		};
		D7418A5919A5F53600138AC8 /* InfoPlist.strings */ = {
			isa = PBXVariantGroup;
			children = (
				D7418A5A19A5F53600138AC8 /* en */,
			);
			name = InfoPlist.strings;
			sourceTree = "<group>";
		};
/* End PBXVariantGroup section */

/* Begin XCBuildConfiguration section */
		D7418A5E19A5F53600138AC8 /* Debug */ = {
			isa = XCBuildConfiguration;
			buildSettings = {
				ALWAYS_SEARCH_USER_PATHS = NO;
				CLANG_CXX_LANGUAGE_STANDARD = "gnu++0x";
				CLANG_CXX_LIBRARY = "libc++";
				CLANG_ENABLE_MODULES = YES;
				CLANG_ENABLE_OBJC_ARC = YES;
				CLANG_WARN_BOOL_CONVERSION = YES;
				CLANG_WARN_CONSTANT_CONVERSION = YES;
				CLANG_WARN_DIRECT_OBJC_ISA_USAGE = YES_ERROR;
				CLANG_WARN_EMPTY_BODY = YES;
				CLANG_WARN_ENUM_CONVERSION = YES;
				CLANG_WARN_INT_CONVERSION = YES;
				CLANG_WARN_OBJC_ROOT_CLASS = YES_ERROR;
				CLANG_WARN__DUPLICATE_METHOD_MATCH = YES;
				"CODE_SIGN_IDENTITY[sdk=iphoneos*]" = "iPhone Developer";
				COPY_PHASE_STRIP = NO;
				GCC_C_LANGUAGE_STANDARD = gnu99;
				GCC_DYNAMIC_NO_PIC = NO;
				GCC_OPTIMIZATION_LEVEL = 0;
				GCC_PREPROCESSOR_DEFINITIONS = (
					"DEBUG=1",
					"$(inherited)",
				);
				GCC_SYMBOLS_PRIVATE_EXTERN = NO;
				GCC_WARN_64_TO_32_BIT_CONVERSION = YES;
				GCC_WARN_ABOUT_RETURN_TYPE = YES_ERROR;
				GCC_WARN_UNDECLARED_SELECTOR = YES;
				GCC_WARN_UNINITIALIZED_AUTOS = YES_AGGRESSIVE;
				GCC_WARN_UNUSED_FUNCTION = YES;
				GCC_WARN_UNUSED_VARIABLE = YES;
				IPHONEOS_DEPLOYMENT_TARGET = 7.1;
				ONLY_ACTIVE_ARCH = YES;
				SDKROOT = iphoneos;
			};
			name = Debug;
		};
		D7418A5F19A5F53600138AC8 /* Release */ = {
			isa = XCBuildConfiguration;
			buildSettings = {
				ALWAYS_SEARCH_USER_PATHS = NO;
				CLANG_CXX_LANGUAGE_STANDARD = "gnu++0x";
				CLANG_CXX_LIBRARY = "libc++";
				CLANG_ENABLE_MODULES = YES;
				CLANG_ENABLE_OBJC_ARC = YES;
				CLANG_WARN_BOOL_CONVERSION = YES;
				CLANG_WARN_CONSTANT_CONVERSION = YES;
				CLANG_WARN_DIRECT_OBJC_ISA_USAGE = YES_ERROR;
				CLANG_WARN_EMPTY_BODY = YES;
				CLANG_WARN_ENUM_CONVERSION = YES;
				CLANG_WARN_INT_CONVERSION = YES;
				CLANG_WARN_OBJC_ROOT_CLASS = YES_ERROR;
				CLANG_WARN__DUPLICATE_METHOD_MATCH = YES;
				"CODE_SIGN_IDENTITY[sdk=iphoneos*]" = "iPhone Developer";
				COPY_PHASE_STRIP = YES;
				ENABLE_NS_ASSERTIONS = NO;
				GCC_C_LANGUAGE_STANDARD = gnu99;
				GCC_WARN_64_TO_32_BIT_CONVERSION = YES;
				GCC_WARN_ABOUT_RETURN_TYPE = YES_ERROR;
				GCC_WARN_UNDECLARED_SELECTOR = YES;
				GCC_WARN_UNINITIALIZED_AUTOS = YES_AGGRESSIVE;
				GCC_WARN_UNUSED_FUNCTION = YES;
				GCC_WARN_UNUSED_VARIABLE = YES;
				IPHONEOS_DEPLOYMENT_TARGET = 7.1;
				SDKROOT = iphoneos;
				VALIDATE_PRODUCT = YES;
			};
			name = Release;
		};
		D7418A6119A5F53600138AC8 /* Debug */ = {
			isa = XCBuildConfiguration;
			buildSettings = {
				ASSETCATALOG_COMPILER_APPICON_NAME = AppIcon;
				ASSETCATALOG_COMPILER_LAUNCHIMAGE_NAME = LaunchImage;
				GCC_PRECOMPILE_PREFIX_HEADER = YES;
				GCC_PREFIX_HEADER = "weibo/weibo-Prefix.pch";
				INFOPLIST_FILE = "weibo/weibo-Info.plist";
				IPHONEOS_DEPLOYMENT_TARGET = 6.1;
				PRODUCT_NAME = "微博20148";
				WRAPPER_EXTENSION = app;
			};
			name = Debug;
		};
		D7418A6219A5F53600138AC8 /* Release */ = {
			isa = XCBuildConfiguration;
			buildSettings = {
				ASSETCATALOG_COMPILER_APPICON_NAME = AppIcon;
				ASSETCATALOG_COMPILER_LAUNCHIMAGE_NAME = LaunchImage;
				GCC_PRECOMPILE_PREFIX_HEADER = YES;
				GCC_PREFIX_HEADER = "weibo/weibo-Prefix.pch";
				INFOPLIST_FILE = "weibo/weibo-Info.plist";
				IPHONEOS_DEPLOYMENT_TARGET = 6.1;
				PRODUCT_NAME = "微博20148";
				WRAPPER_EXTENSION = app;
			};
			name = Release;
		};
		D7418A6419A5F53600138AC8 /* Debug */ = {
			isa = XCBuildConfiguration;
			buildSettings = {
				BUNDLE_LOADER = "$(BUILT_PRODUCTS_DIR)/weibo.app/weibo";
				FRAMEWORK_SEARCH_PATHS = (
					"$(SDKROOT)/Developer/Library/Frameworks",
					"$(inherited)",
					"$(DEVELOPER_FRAMEWORKS_DIR)",
				);
				GCC_PRECOMPILE_PREFIX_HEADER = YES;
				GCC_PREFIX_HEADER = "weibo/weibo-Prefix.pch";
				GCC_PREPROCESSOR_DEFINITIONS = (
					"DEBUG=1",
					"$(inherited)",
				);
				INFOPLIST_FILE = "weiboTests/weiboTests-Info.plist";
				PRODUCT_NAME = "$(TARGET_NAME)";
				TEST_HOST = "$(BUNDLE_LOADER)";
				WRAPPER_EXTENSION = xctest;
			};
			name = Debug;
		};
		D7418A6519A5F53600138AC8 /* Release */ = {
			isa = XCBuildConfiguration;
			buildSettings = {
				BUNDLE_LOADER = "$(BUILT_PRODUCTS_DIR)/weibo.app/weibo";
				FRAMEWORK_SEARCH_PATHS = (
					"$(SDKROOT)/Developer/Library/Frameworks",
					"$(inherited)",
					"$(DEVELOPER_FRAMEWORKS_DIR)",
				);
				GCC_PRECOMPILE_PREFIX_HEADER = YES;
				GCC_PREFIX_HEADER = "weibo/weibo-Prefix.pch";
				INFOPLIST_FILE = "weiboTests/weiboTests-Info.plist";
				PRODUCT_NAME = "$(TARGET_NAME)";
				TEST_HOST = "$(BUNDLE_LOADER)";
				WRAPPER_EXTENSION = xctest;
			};
			name = Release;
		};
/* End XCBuildConfiguration section */

/* Begin XCConfigurationList section */
		D7418A2F19A5F53500138AC8 /* Build configuration list for PBXProject "weibo" */ = {
			isa = XCConfigurationList;
			buildConfigurations = (
				D7418A5E19A5F53600138AC8 /* Debug */,
				D7418A5F19A5F53600138AC8 /* Release */,
			);
			defaultConfigurationIsVisible = 0;
			defaultConfigurationName = Release;
		};
		D7418A6019A5F53600138AC8 /* Build configuration list for PBXNativeTarget "weibo" */ = {
			isa = XCConfigurationList;
			buildConfigurations = (
				D7418A6119A5F53600138AC8 /* Debug */,
				D7418A6219A5F53600138AC8 /* Release */,
			);
			defaultConfigurationIsVisible = 0;
			defaultConfigurationName = Release;
		};
		D7418A6319A5F53600138AC8 /* Build configuration list for PBXNativeTarget "weiboTests" */ = {
			isa = XCConfigurationList;
			buildConfigurations = (
				D7418A6419A5F53600138AC8 /* Debug */,
				D7418A6519A5F53600138AC8 /* Release */,
			);
			defaultConfigurationIsVisible = 0;
			defaultConfigurationName = Release;
		};
/* End XCConfigurationList section */
	};
	rootObject = D7418A2C19A5F53500138AC8 /* Project object */;
}
